// !$*UTF8*$!
{
	archiveVersion = 1;
	classes = {
	};
	objectVersion = 46;
	objects = {

/* Begin PBXBuildFile section */
		CE1383E01E02998B000BA3CA /* AppDelegate.swift in Sources */ = {isa = PBXBuildFile; fileRef = CE1383DF1E02998B000BA3CA /* AppDelegate.swift */; };
		CE1383E71E02998B000BA3CA /* Assets.xcassets in Resources */ = {isa = PBXBuildFile; fileRef = CE1383E61E02998B000BA3CA /* Assets.xcassets */; };
		CE9033941E10E3B70034E2D1 /* RecommendViewController.swift in Sources */ = {isa = PBXBuildFile; fileRef = CE9033931E10E3B70034E2D1 /* RecommendViewController.swift */; };
		CEA067E51E03EE0D00C8722A /* UIBarButtonItem+Extension.swift in Sources */ = {isa = PBXBuildFile; fileRef = CEA067E41E03EE0D00C8722A /* UIBarButtonItem+Extension.swift */; };
		CEA067EA1E08CAB800C8722A /* MainViewController.swift in Sources */ = {isa = PBXBuildFile; fileRef = CEA067E71E08CAB800C8722A /* MainViewController.swift */; };
		CEA067EF1E08CAC600C8722A /* HomeViewController.swift in Sources */ = {isa = PBXBuildFile; fileRef = CEA067EC1E08CAC600C8722A /* HomeViewController.swift */; };
		CEA067F41E08CAD200C8722A /* LiveViewController.swift in Sources */ = {isa = PBXBuildFile; fileRef = CEA067F11E08CAD200C8722A /* LiveViewController.swift */; };
		CEA067F91E08CAE700C8722A /* FollowViewController.swift in Sources */ = {isa = PBXBuildFile; fileRef = CEA067F61E08CAE700C8722A /* FollowViewController.swift */; };
		CEA067FE1E08CAFB00C8722A /* MeViewController.swift in Sources */ = {isa = PBXBuildFile; fileRef = CEA067FB1E08CAFB00C8722A /* MeViewController.swift */; };
		CEA068001E08CB2B00C8722A /* PageTitleView.swift in Sources */ = {isa = PBXBuildFile; fileRef = CEA067FF1E08CB2B00C8722A /* PageTitleView.swift */; };
		CEA068021E08D48400C8722A /* CommonConstant.swift in Sources */ = {isa = PBXBuildFile; fileRef = CEA068011E08D48400C8722A /* CommonConstant.swift */; };
		CEA068041E09004000C8722A /* UIColor+Extension.swift in Sources */ = {isa = PBXBuildFile; fileRef = CEA068031E09004000C8722A /* UIColor+Extension.swift */; };
		CEA068061E0919E700C8722A /* PageContentView.swift in Sources */ = {isa = PBXBuildFile; fileRef = CEA068051E0919E700C8722A /* PageContentView.swift */; };
/* End PBXBuildFile section */

/* Begin PBXFileReference section */
		CE1383DC1E02998B000BA3CA /* DUZB_XMJ.app */ = {isa = PBXFileReference; explicitFileType = wrapper.application; includeInIndex = 0; path = DUZB_XMJ.app; sourceTree = BUILT_PRODUCTS_DIR; };
		CE1383DF1E02998B000BA3CA /* AppDelegate.swift */ = {isa = PBXFileReference; lastKnownFileType = sourcecode.swift; path = AppDelegate.swift; sourceTree = "<group>"; };
		CE1383E61E02998B000BA3CA /* Assets.xcassets */ = {isa = PBXFileReference; lastKnownFileType = folder.assetcatalog; path = Assets.xcassets; sourceTree = "<group>"; };
		CE1383EB1E02998B000BA3CA /* Info.plist */ = {isa = PBXFileReference; lastKnownFileType = text.plist.xml; path = Info.plist; sourceTree = "<group>"; };
		CE9033931E10E3B70034E2D1 /* RecommendViewController.swift */ = {isa = PBXFileReference; fileEncoding = 4; lastKnownFileType = sourcecode.swift; path = RecommendViewController.swift; sourceTree = "<group>"; };
		CEA067E41E03EE0D00C8722A /* UIBarButtonItem+Extension.swift */ = {isa = PBXFileReference; fileEncoding = 4; lastKnownFileType = sourcecode.swift; path = "UIBarButtonItem+Extension.swift"; sourceTree = "<group>"; };
		CEA067E71E08CAB800C8722A /* MainViewController.swift */ = {isa = PBXFileReference; fileEncoding = 4; lastKnownFileType = sourcecode.swift; path = MainViewController.swift; sourceTree = "<group>"; };
		CEA067EC1E08CAC600C8722A /* HomeViewController.swift */ = {isa = PBXFileReference; fileEncoding = 4; lastKnownFileType = sourcecode.swift; path = HomeViewController.swift; sourceTree = "<group>"; };
		CEA067F11E08CAD200C8722A /* LiveViewController.swift */ = {isa = PBXFileReference; fileEncoding = 4; lastKnownFileType = sourcecode.swift; path = LiveViewController.swift; sourceTree = "<group>"; };
		CEA067F61E08CAE700C8722A /* FollowViewController.swift */ = {isa = PBXFileReference; fileEncoding = 4; lastKnownFileType = sourcecode.swift; path = FollowViewController.swift; sourceTree = "<group>"; };
		CEA067FB1E08CAFB00C8722A /* MeViewController.swift */ = {isa = PBXFileReference; fileEncoding = 4; lastKnownFileType = sourcecode.swift; path = MeViewController.swift; sourceTree = "<group>"; };
		CEA067FF1E08CB2B00C8722A /* PageTitleView.swift */ = {isa = PBXFileReference; fileEncoding = 4; lastKnownFileType = sourcecode.swift; path = PageTitleView.swift; sourceTree = "<group>"; };
		CEA068011E08D48400C8722A /* CommonConstant.swift */ = {isa = PBXFileReference; fileEncoding = 4; lastKnownFileType = sourcecode.swift; path = CommonConstant.swift; sourceTree = "<group>"; };
		CEA068031E09004000C8722A /* UIColor+Extension.swift */ = {isa = PBXFileReference; fileEncoding = 4; lastKnownFileType = sourcecode.swift; path = "UIColor+Extension.swift"; sourceTree = "<group>"; };
		CEA068051E0919E700C8722A /* PageContentView.swift */ = {isa = PBXFileReference; fileEncoding = 4; lastKnownFileType = sourcecode.swift; path = PageContentView.swift; sourceTree = "<group>"; };
/* End PBXFileReference section */

/* Begin PBXFrameworksBuildPhase section */
		CE1383D91E02998B000BA3CA /* Frameworks */ = {
			isa = PBXFrameworksBuildPhase;
			buildActionMask = 2147483647;
			files = (
			);
			runOnlyForDeploymentPostprocessing = 0;
		};
/* End PBXFrameworksBuildPhase section */

/* Begin PBXGroup section */
		CE1383D31E02998B000BA3CA = {
			isa = PBXGroup;
			children = (
				CE1383DE1E02998B000BA3CA /* DUZB_XMJ */,
				CE1383DD1E02998B000BA3CA /* Products */,
			);
			sourceTree = "<group>";
		};
		CE1383DD1E02998B000BA3CA /* Products */ = {
			isa = PBXGroup;
			children = (
				CE1383DC1E02998B000BA3CA /* DUZB_XMJ.app */,
			);
			name = Products;
			sourceTree = "<group>";
		};
		CE1383DE1E02998B000BA3CA /* DUZB_XMJ */ = {
			isa = PBXGroup;
			children = (
				CE6157B11E03C83800C0B6D2 /* Classes */,
				CE1383DF1E02998B000BA3CA /* AppDelegate.swift */,
				CE1383E61E02998B000BA3CA /* Assets.xcassets */,
				CE1383EB1E02998B000BA3CA /* Info.plist */,
			);
			path = DUZB_XMJ;
			sourceTree = "<group>";
		};
		CE6157B11E03C83800C0B6D2 /* Classes */ = {
			isa = PBXGroup;
			children = (
				CE6157B51E03C83800C0B6D2 /* Main */,
				CE6157B31E03C83800C0B6D2 /* Home */,
				CE6157B41E03C83800C0B6D2 /* Living */,
				CE6157B21E03C83800C0B6D2 /* Follow */,
				CE6157B61E03C83800C0B6D2 /* Me */,
				CE6157B71E03C83800C0B6D2 /* Tools */,
			);
			path = Classes;
			sourceTree = "<group>";
		};
		CE6157B21E03C83800C0B6D2 /* Follow */ = {
			isa = PBXGroup;
			children = (
				CEA067F51E08CAE700C8722A /* Controller */,
				CEA067F71E08CAE700C8722A /* Model */,
				CEA067F81E08CAE700C8722A /* View */,
			);
			path = Follow;
			sourceTree = "<group>";
		};
		CE6157B31E03C83800C0B6D2 /* Home */ = {
			isa = PBXGroup;
			children = (
				CEA067EB1E08CAC600C8722A /* Controller */,
				CEA067ED1E08CAC600C8722A /* Model */,
				CEA067EE1E08CAC600C8722A /* View */,
			);
			path = Home;
			sourceTree = "<group>";
		};
		CE6157B41E03C83800C0B6D2 /* Living */ = {
			isa = PBXGroup;
			children = (
				CEA067F01E08CAD200C8722A /* Controller */,
				CEA067F21E08CAD200C8722A /* Model */,
				CEA067F31E08CAD200C8722A /* View */,
			);
			path = Living;
			sourceTree = "<group>";
		};
		CE6157B51E03C83800C0B6D2 /* Main */ = {
			isa = PBXGroup;
			children = (
				CEA067E61E08CAB800C8722A /* Controller */,
				CEA067E81E08CAB800C8722A /* Model */,
				CEA067E91E08CAB800C8722A /* View */,
			);
			path = Main;
			sourceTree = "<group>";
		};
		CE6157B61E03C83800C0B6D2 /* Me */ = {
			isa = PBXGroup;
			children = (
				CEA067FA1E08CAFB00C8722A /* Controller */,
				CEA067FC1E08CAFB00C8722A /* Model */,
				CEA067FD1E08CAFB00C8722A /* View */,
			);
			path = Me;
			sourceTree = "<group>";
		};
		CE6157B71E03C83800C0B6D2 /* Tools */ = {
			isa = PBXGroup;
			children = (
				CEA067E31E03EDDB00C8722A /* Extension */,
				CEA068011E08D48400C8722A /* CommonConstant.swift */,
			);
			path = Tools;
			sourceTree = "<group>";
		};
		CEA067E31E03EDDB00C8722A /* Extension */ = {
			isa = PBXGroup;
			children = (
				CEA067E41E03EE0D00C8722A /* UIBarButtonItem+Extension.swift */,
				CEA068031E09004000C8722A /* UIColor+Extension.swift */,
			);
			path = Extension;
			sourceTree = "<group>";
		};
		CEA067E61E08CAB800C8722A /* Controller */ = {
			isa = PBXGroup;
			children = (
				CEA067E71E08CAB800C8722A /* MainViewController.swift */,
			);
			path = Controller;
			sourceTree = "<group>";
		};
		CEA067E81E08CAB800C8722A /* Model */ = {
			isa = PBXGroup;
			children = (
			);
			path = Model;
			sourceTree = "<group>";
		};
		CEA067E91E08CAB800C8722A /* View */ = {
			isa = PBXGroup;
			children = (
				CEA067FF1E08CB2B00C8722A /* PageTitleView.swift */,
				CEA068051E0919E700C8722A /* PageContentView.swift */,
			);
			path = View;
			sourceTree = "<group>";
		};
		CEA067EB1E08CAC600C8722A /* Controller */ = {
			isa = PBXGroup;
			children = (
				CEA067EC1E08CAC600C8722A /* HomeViewController.swift */,
				CE9033931E10E3B70034E2D1 /* RecommendViewController.swift */,
			);
			path = Controller;
			sourceTree = "<group>";
		};
		CEA067ED1E08CAC600C8722A /* Model */ = {
			isa = PBXGroup;
			children = (
			);
			path = Model;
			sourceTree = "<group>";
		};
		CEA067EE1E08CAC600C8722A /* View */ = {
			isa = PBXGroup;
			children = (
			);
			path = View;
			sourceTree = "<group>";
		};
		CEA067F01E08CAD200C8722A /* Controller */ = {
			isa = PBXGroup;
			children = (
				CEA067F11E08CAD200C8722A /* LiveViewController.swift */,
			);
			path = Controller;
			sourceTree = "<group>";
		};
		CEA067F21E08CAD200C8722A /* Model */ = {
			isa = PBXGroup;
			children = (
			);
			path = Model;
			sourceTree = "<group>";
		};
		CEA067F31E08CAD200C8722A /* View */ = {
			isa = PBXGroup;
			children = (
			);
			path = View;
			sourceTree = "<group>";
		};
		CEA067F51E08CAE700C8722A /* Controller */ = {
			isa = PBXGroup;
			children = (
				CEA067F61E08CAE700C8722A /* FollowViewController.swift */,
			);
			path = Controller;
			sourceTree = "<group>";
		};
		CEA067F71E08CAE700C8722A /* Model */ = {
			isa = PBXGroup;
			children = (
			);
			path = Model;
			sourceTree = "<group>";
		};
		CEA067F81E08CAE700C8722A /* View */ = {
			isa = PBXGroup;
			children = (
			);
			path = View;
			sourceTree = "<group>";
		};
		CEA067FA1E08CAFB00C8722A /* Controller */ = {
			isa = PBXGroup;
			children = (
				CEA067FB1E08CAFB00C8722A /* MeViewController.swift */,
			);
			path = Controller;
			sourceTree = "<group>";
		};
		CEA067FC1E08CAFB00C8722A /* Model */ = {
			isa = PBXGroup;
			children = (
			);
			path = Model;
			sourceTree = "<group>";
		};
		CEA067FD1E08CAFB00C8722A /* View */ = {
			isa = PBXGroup;
			children = (
			);
			path = View;
			sourceTree = "<group>";
		};
/* End PBXGroup section */

/* Begin PBXNativeTarget section */
		CE1383DB1E02998B000BA3CA /* DUZB_XMJ */ = {
			isa = PBXNativeTarget;
			buildConfigurationList = CE1383EE1E02998B000BA3CA /* Build configuration list for PBXNativeTarget "DUZB_XMJ" */;
			buildPhases = (
				CE1383D81E02998B000BA3CA /* Sources */,
				CE1383D91E02998B000BA3CA /* Frameworks */,
				CE1383DA1E02998B000BA3CA /* Resources */,
			);
			buildRules = (
			);
			dependencies = (
			);
			name = DUZB_XMJ;
			productName = DUZB_XMJ;
			productReference = CE1383DC1E02998B000BA3CA /* DUZB_XMJ.app */;
			productType = "com.apple.product-type.application";
		};
/* End PBXNativeTarget section */

/* Begin PBXProject section */
		CE1383D41E02998B000BA3CA /* Project object */ = {
			isa = PBXProject;
			attributes = {
				LastSwiftUpdateCheck = 0820;
				LastUpgradeCheck = 0820;
				ORGANIZATIONNAME = XMJ;
				TargetAttributes = {
					CE1383DB1E02998B000BA3CA = {
						CreatedOnToolsVersion = 8.2;
						DevelopmentTeam = HY63Z77CG6;
						ProvisioningStyle = Automatic;
					};
				};
			};
			buildConfigurationList = CE1383D71E02998B000BA3CA /* Build configuration list for PBXProject "DUZB_XMJ" */;
			compatibilityVersion = "Xcode 3.2";
			developmentRegion = English;
			hasScannedForEncodings = 0;
			knownRegions = (
				en,
				Base,
			);
			mainGroup = CE1383D31E02998B000BA3CA;
			productRefGroup = CE1383DD1E02998B000BA3CA /* Products */;
			projectDirPath = "";
			projectRoot = "";
			targets = (
				CE1383DB1E02998B000BA3CA /* DUZB_XMJ */,
			);
		};
/* End PBXProject section */

/* Begin PBXResourcesBuildPhase section */
		CE1383DA1E02998B000BA3CA /* Resources */ = {
			isa = PBXResourcesBuildPhase;
			buildActionMask = 2147483647;
			files = (
				CE1383E71E02998B000BA3CA /* Assets.xcassets in Resources */,
			);
			runOnlyForDeploymentPostprocessing = 0;
		};
/* End PBXResourcesBuildPhase section */

/* Begin PBXSourcesBuildPhase section */
		CE1383D81E02998B000BA3CA /* Sources */ = {
			isa = PBXSourcesBuildPhase;
			buildActionMask = 2147483647;
			files = (
				CEA068001E08CB2B00C8722A /* PageTitleView.swift in Sources */,
				CEA067EF1E08CAC600C8722A /* HomeViewController.swift in Sources */,
				CEA068061E0919E700C8722A /* PageContentView.swift in Sources */,
				CEA067FE1E08CAFB00C8722A /* MeViewController.swift in Sources */,
				CE1383E01E02998B000BA3CA /* AppDelegate.swift in Sources */,
				CE9033941E10E3B70034E2D1 /* RecommendViewController.swift in Sources */,
				CEA067E51E03EE0D00C8722A /* UIBarButtonItem+Extension.swift in Sources */,
				CEA067F41E08CAD200C8722A /* LiveViewController.swift in Sources */,
				CEA067EA1E08CAB800C8722A /* MainViewController.swift in Sources */,
				CEA067F91E08CAE700C8722A /* FollowViewController.swift in Sources */,
				CEA068021E08D48400C8722A /* CommonConstant.swift in Sources */,
				CEA068041E09004000C8722A /* UIColor+Extension.swift in Sources */,
			);
			runOnlyForDeploymentPostprocessing = 0;
		};
/* End PBXSourcesBuildPhase section */

/* Begin XCBuildConfiguration section */
		CE1383EC1E02998B000BA3CA /* Debug */ = {
			isa = XCBuildConfiguration;
			buildSettings = {
				ALWAYS_SEARCH_USER_PATHS = NO;
				CLANG_ANALYZER_NONNULL = YES;
				CLANG_CXX_LANGUAGE_STANDARD = "gnu++0x";
				CLANG_CXX_LIBRARY = "libc++";
				CLANG_ENABLE_MODULES = YES;
				CLANG_ENABLE_OBJC_ARC = YES;
				CLANG_WARN_BOOL_CONVERSION = YES;
				CLANG_WARN_CONSTANT_CONVERSION = YES;
				CLANG_WARN_DIRECT_OBJC_ISA_USAGE = YES_ERROR;
				CLANG_WARN_DOCUMENTATION_COMMENTS = YES;
				CLANG_WARN_EMPTY_BODY = YES;
				CLANG_WARN_ENUM_CONVERSION = YES;
				CLANG_WARN_INFINITE_RECURSION = YES;
				CLANG_WARN_INT_CONVERSION = YES;
				CLANG_WARN_OBJC_ROOT_CLASS = YES_ERROR;
				CLANG_WARN_SUSPICIOUS_MOVE = YES;
				CLANG_WARN_UNREACHABLE_CODE = YES;
				CLANG_WARN__DUPLICATE_METHOD_MATCH = YES;
				"CODE_SIGN_IDENTITY[sdk=iphoneos*]" = "iPhone Developer";
				COPY_PHASE_STRIP = NO;
				DEBUG_INFORMATION_FORMAT = dwarf;
				ENABLE_STRICT_OBJC_MSGSEND = YES;
				ENABLE_TESTABILITY = YES;
				GCC_C_LANGUAGE_STANDARD = gnu99;
				GCC_DYNAMIC_NO_PIC = NO;
				GCC_NO_COMMON_BLOCKS = YES;
				GCC_OPTIMIZATION_LEVEL = 0;
				GCC_PREPROCESSOR_DEFINITIONS = (
					"DEBUG=1",
					"$(inherited)",
				);
				GCC_WARN_64_TO_32_BIT_CONVERSION = YES;
				GCC_WARN_ABOUT_RETURN_TYPE = YES_ERROR;
				GCC_WARN_UNDECLARED_SELECTOR = YES;
				GCC_WARN_UNINITIALIZED_AUTOS = YES_AGGRESSIVE;
				GCC_WARN_UNUSED_FUNCTION = YES;
				GCC_WARN_UNUSED_VARIABLE = YES;
				IPHONEOS_DEPLOYMENT_TARGET = 10.2;
				MTL_ENABLE_DEBUG_INFO = YES;
				ONLY_ACTIVE_ARCH = YES;
				SDKROOT = iphoneos;
				SWIFT_ACTIVE_COMPILATION_CONDITIONS = DEBUG;
				SWIFT_OPTIMIZATION_LEVEL = "-Onone";
				TARGETED_DEVICE_FAMILY = "1,2";
			};
			name = Debug;
		};
		CE1383ED1E02998B000BA3CA /* Release */ = {
			isa = XCBuildConfiguration;
			buildSettings = {
				ALWAYS_SEARCH_USER_PATHS = NO;
				CLANG_ANALYZER_NONNULL = YES;
				CLANG_CXX_LANGUAGE_STANDARD = "gnu++0x";
				CLANG_CXX_LIBRARY = "libc++";
				CLANG_ENABLE_MODULES = YES;
				CLANG_ENABLE_OBJC_ARC = YES;
				CLANG_WARN_BOOL_CONVERSION = YES;
				CLANG_WARN_CONSTANT_CONVERSION = YES;
				CLANG_WARN_DIRECT_OBJC_ISA_USAGE = YES_ERROR;
				CLANG_WARN_DOCUMENTATION_COMMENTS = YES;
				CLANG_WARN_EMPTY_BODY = YES;
				CLANG_WARN_ENUM_CONVERSION = YES;
				CLANG_WARN_INFINITE_RECURSION = YES;
				CLANG_WARN_INT_CONVERSION = YES;
				CLANG_WARN_OBJC_ROOT_CLASS = YES_ERROR;
				CLANG_WARN_SUSPICIOUS_MOVE = YES;
				CLANG_WARN_UNREACHABLE_CODE = YES;
				CLANG_WARN__DUPLICATE_METHOD_MATCH = YES;
				"CODE_SIGN_IDENTITY[sdk=iphoneos*]" = "iPhone Developer";
				COPY_PHASE_STRIP = NO;
				DEBUG_INFORMATION_FORMAT = "dwarf-with-dsym";
				ENABLE_NS_ASSERTIONS = NO;
				ENABLE_STRICT_OBJC_MSGSEND = YES;
				GCC_C_LANGUAGE_STANDARD = gnu99;
				GCC_NO_COMMON_BLOCKS = YES;
				GCC_WARN_64_TO_32_BIT_CONVERSION = YES;
				GCC_WARN_ABOUT_RETURN_TYPE = YES_ERROR;
				GCC_WARN_UNDECLARED_SELECTOR = YES;
				GCC_WARN_UNINITIALIZED_AUTOS = YES_AGGRESSIVE;
				GCC_WARN_UNUSED_FUNCTION = YES;
				GCC_WARN_UNUSED_VARIABLE = YES;
				IPHONEOS_DEPLOYMENT_TARGET = 10.2;
				MTL_ENABLE_DEBUG_INFO = NO;
				SDKROOT = iphoneos;
				SWIFT_OPTIMIZATION_LEVEL = "-Owholemodule";
				TARGETED_DEVICE_FAMILY = "1,2";
				VALIDATE_PRODUCT = YES;
			};
			name = Release;
		};
		CE1383EF1E02998B000BA3CA /* Debug */ = {
			isa = XCBuildConfiguration;
			buildSettings = {
				ASSETCATALOG_COMPILER_APPICON_NAME = AppIcon;
				ASSETCATALOG_COMPILER_LAUNCHIMAGE_NAME = LaunchImage;
				"CODE_SIGN_IDENTITY[sdk=iphoneos*]" = "iPhone Developer";
				DEVELOPMENT_TEAM = HY63Z77CG6;
				INFOPLIST_FILE = DUZB_XMJ/Info.plist;
				IPHONEOS_DEPLOYMENT_TARGET = 8.0;
				LD_RUNPATH_SEARCH_PATHS = "$(inherited) @executable_path/Frameworks";
				PRODUCT_BUNDLE_IDENTIFIER = cn.com.xmjPushTest;
				PRODUCT_NAME = "$(TARGET_NAME)";
				SWIFT_VERSION = 3.0;
				TARGETED_DEVICE_FAMILY = 1;
			};
			name = Debug;
		};
		CE1383F01E02998B000BA3CA /* Release */ = {
			isa = XCBuildConfiguration;
			buildSettings = {
				ASSETCATALOG_COMPILER_APPICON_NAME = AppIcon;
				ASSETCATALOG_COMPILER_LAUNCHIMAGE_NAME = LaunchImage;
				"CODE_SIGN_IDENTITY[sdk=iphoneos*]" = "iPhone Developer";
				DEVELOPMENT_TEAM = HY63Z77CG6;
				INFOPLIST_FILE = DUZB_XMJ/Info.plist;
				IPHONEOS_DEPLOYMENT_TARGET = 8.0;
				LD_RUNPATH_SEARCH_PATHS = "$(inherited) @executable_path/Frameworks";
				PRODUCT_BUNDLE_IDENTIFIER = cn.com.xmjPushTest;
				PRODUCT_NAME = "$(TARGET_NAME)";
				SWIFT_VERSION = 3.0;
				TARGETED_DEVICE_FAMILY = 1;
			};
			name = Release;
		};
/* End XCBuildConfiguration section */

/* Begin XCConfigurationList section */
		CE1383D71E02998B000BA3CA /* Build configuration list for PBXProject "DUZB_XMJ" */ = {
			isa = XCConfigurationList;
			buildConfigurations = (
				CE1383EC1E02998B000BA3CA /* Debug */,
				CE1383ED1E02998B000BA3CA /* Release */,
			);
			defaultConfigurationIsVisible = 0;
			defaultConfigurationName = Release;
		};
		CE1383EE1E02998B000BA3CA /* Build configuration list for PBXNativeTarget "DUZB_XMJ" */ = {
			isa = XCConfigurationList;
			buildConfigurations = (
				CE1383EF1E02998B000BA3CA /* Debug */,
				CE1383F01E02998B000BA3CA /* Release */,
			);
			defaultConfigurationIsVisible = 0;
			defaultConfigurationName = Release;
		};
/* End XCConfigurationList section */
	};
	rootObject = CE1383D41E02998B000BA3CA /* Project object */;
}
